// !$*UTF8*$!
{
	archiveVersion = 1;
	classes = {
	};
	objectVersion = 77;
	objects = {

/* Begin PBXBuildFile section */
		1CC5B20F2CEBCAC40079E430 /* Logging in Frameworks */ = {isa = PBXBuildFile; productRef = 1CC5B20E2CEBCAC40079E430 /* Logging */; };
/* End PBXBuildFile section */

/* Begin PBXContainerItemProxy section */
		1C7E0DD12CC3CFA7003A1CC4 /* PBXContainerItemProxy */ = {
			isa = PBXContainerItemProxy;
			containerPortal = 1C7E0DB82CC3CFA5003A1CC4 /* Project object */;
			proxyType = 1;
			remoteGlobalIDString = 1C7E0DBF2CC3CFA5003A1CC4;
			remoteInfo = PtPPrototype;
		};
		1C7E0DDB2CC3CFA7003A1CC4 /* PBXContainerItemProxy */ = {
			isa = PBXContainerItemProxy;
			containerPortal = 1C7E0DB82CC3CFA5003A1CC4 /* Project object */;
			proxyType = 1;
			remoteGlobalIDString = 1C7E0DBF2CC3CFA5003A1CC4;
			remoteInfo = PtPPrototype;
		};
/* End PBXContainerItemProxy section */

/* Begin PBXFileReference section */
		1C7E0DC02CC3CFA5003A1CC4 /* PtPPrototype.app */ = {isa = PBXFileReference; explicitFileType = wrapper.application; includeInIndex = 0; path = PtPPrototype.app; sourceTree = BUILT_PRODUCTS_DIR; };
		1C7E0DD02CC3CFA7003A1CC4 /* PtPPrototypeTests.xctest */ = {isa = PBXFileReference; explicitFileType = wrapper.cfbundle; includeInIndex = 0; path = PtPPrototypeTests.xctest; sourceTree = BUILT_PRODUCTS_DIR; };
		1C7E0DDA2CC3CFA7003A1CC4 /* PtPPrototypeUITests.xctest */ = {isa = PBXFileReference; explicitFileType = wrapper.cfbundle; includeInIndex = 0; path = PtPPrototypeUITests.xctest; sourceTree = BUILT_PRODUCTS_DIR; };
/* End PBXFileReference section */

/* Begin PBXFileSystemSynchronizedBuildFileExceptionSet section */
		1C7E0E0F2CC5504C003A1CC4 /* Exceptions for "PtPPrototype" folder in "PtPPrototype" target */ = {
			isa = PBXFileSystemSynchronizedBuildFileExceptionSet;
			membershipExceptions = (
				Info.plist,
			);
			target = 1C7E0DBF2CC3CFA5003A1CC4 /* PtPPrototype */;
		};
/* End PBXFileSystemSynchronizedBuildFileExceptionSet section */

/* Begin PBXFileSystemSynchronizedRootGroup section */
		1C7E0DC22CC3CFA5003A1CC4 /* PtPPrototype */ = {
			isa = PBXFileSystemSynchronizedRootGroup;
			exceptions = (
				1C7E0E0F2CC5504C003A1CC4 /* Exceptions for "PtPPrototype" folder in "PtPPrototype" target */,
			);
			path = PtPPrototype;
			sourceTree = "<group>";
		};
		1C7E0DD32CC3CFA7003A1CC4 /* PtPPrototypeTests */ = {
			isa = PBXFileSystemSynchronizedRootGroup;
			path = PtPPrototypeTests;
			sourceTree = "<group>";
		};
		1C7E0DDD2CC3CFA7003A1CC4 /* PtPPrototypeUITests */ = {
			isa = PBXFileSystemSynchronizedRootGroup;
			path = PtPPrototypeUITests;
			sourceTree = "<group>";
		};
/* End PBXFileSystemSynchronizedRootGroup section */

/* Begin PBXFrameworksBuildPhase section */
		1C7E0DBD2CC3CFA5003A1CC4 /* Frameworks */ = {
			isa = PBXFrameworksBuildPhase;
			buildActionMask = 2147483647;
			files = (
				1CC5B20F2CEBCAC40079E430 /* Logging in Frameworks */,
			);
			runOnlyForDeploymentPostprocessing = 0;
		};
		1C7E0DCD2CC3CFA7003A1CC4 /* Frameworks */ = {
			isa = PBXFrameworksBuildPhase;
			buildActionMask = 2147483647;
			files = (
			);
			runOnlyForDeploymentPostprocessing = 0;
		};
		1C7E0DD72CC3CFA7003A1CC4 /* Frameworks */ = {
			isa = PBXFrameworksBuildPhase;
			buildActionMask = 2147483647;
			files = (
			);
			runOnlyForDeploymentPostprocessing = 0;
		};
/* End PBXFrameworksBuildPhase section */

/* Begin PBXGroup section */
		1C7E0DB72CC3CFA5003A1CC4 = {
			isa = PBXGroup;
			children = (
				1C7E0DC22CC3CFA5003A1CC4 /* PtPPrototype */,
				1C7E0DD32CC3CFA7003A1CC4 /* PtPPrototypeTests */,
				1C7E0DDD2CC3CFA7003A1CC4 /* PtPPrototypeUITests */,
				1C7E0DC12CC3CFA5003A1CC4 /* Products */,
			);
			sourceTree = "<group>";
		};
		1C7E0DC12CC3CFA5003A1CC4 /* Products */ = {
			isa = PBXGroup;
			children = (
				1C7E0DC02CC3CFA5003A1CC4 /* PtPPrototype.app */,
				1C7E0DD02CC3CFA7003A1CC4 /* PtPPrototypeTests.xctest */,
				1C7E0DDA2CC3CFA7003A1CC4 /* PtPPrototypeUITests.xctest */,
			);
			name = Products;
			sourceTree = "<group>";
		};
/* End PBXGroup section */

/* Begin PBXNativeTarget section */
		1C7E0DBF2CC3CFA5003A1CC4 /* PtPPrototype */ = {
			isa = PBXNativeTarget;
			buildConfigurationList = 1C7E0DE42CC3CFA7003A1CC4 /* Build configuration list for PBXNativeTarget "PtPPrototype" */;
			buildPhases = (
				1C7E0DBC2CC3CFA5003A1CC4 /* Sources */,
				1C7E0DBD2CC3CFA5003A1CC4 /* Frameworks */,
				1C7E0DBE2CC3CFA5003A1CC4 /* Resources */,
			);
			buildRules = (
			);
			dependencies = (
			);
			fileSystemSynchronizedGroups = (
				1C7E0DC22CC3CFA5003A1CC4 /* PtPPrototype */,
			);
			name = PtPPrototype;
			packageProductDependencies = (
				1CC5B20E2CEBCAC40079E430 /* Logging */,
			);
			productName = PtPPrototype;
			productReference = 1C7E0DC02CC3CFA5003A1CC4 /* PtPPrototype.app */;
			productType = "com.apple.product-type.application";
		};
		1C7E0DCF2CC3CFA7003A1CC4 /* PtPPrototypeTests */ = {
			isa = PBXNativeTarget;
			buildConfigurationList = 1C7E0DE72CC3CFA7003A1CC4 /* Build configuration list for PBXNativeTarget "PtPPrototypeTests" */;
			buildPhases = (
				1C7E0DCC2CC3CFA7003A1CC4 /* Sources */,
				1C7E0DCD2CC3CFA7003A1CC4 /* Frameworks */,
				1C7E0DCE2CC3CFA7003A1CC4 /* Resources */,
			);
			buildRules = (
			);
			dependencies = (
				1C7E0DD22CC3CFA7003A1CC4 /* PBXTargetDependency */,
			);
			fileSystemSynchronizedGroups = (
				1C7E0DD32CC3CFA7003A1CC4 /* PtPPrototypeTests */,
			);
			name = PtPPrototypeTests;
			packageProductDependencies = (
			);
			productName = PtPPrototypeTests;
			productReference = 1C7E0DD02CC3CFA7003A1CC4 /* PtPPrototypeTests.xctest */;
			productType = "com.apple.product-type.bundle.unit-test";
		};
		1C7E0DD92CC3CFA7003A1CC4 /* PtPPrototypeUITests */ = {
			isa = PBXNativeTarget;
			buildConfigurationList = 1C7E0DEA2CC3CFA7003A1CC4 /* Build configuration list for PBXNativeTarget "PtPPrototypeUITests" */;
			buildPhases = (
				1C7E0DD62CC3CFA7003A1CC4 /* Sources */,
				1C7E0DD72CC3CFA7003A1CC4 /* Frameworks */,
				1C7E0DD82CC3CFA7003A1CC4 /* Resources */,
			);
			buildRules = (
			);
			dependencies = (
				1C7E0DDC2CC3CFA7003A1CC4 /* PBXTargetDependency */,
			);
			fileSystemSynchronizedGroups = (
				1C7E0DDD2CC3CFA7003A1CC4 /* PtPPrototypeUITests */,
			);
			name = PtPPrototypeUITests;
			packageProductDependencies = (
			);
			productName = PtPPrototypeUITests;
			productReference = 1C7E0DDA2CC3CFA7003A1CC4 /* PtPPrototypeUITests.xctest */;
			productType = "com.apple.product-type.bundle.ui-testing";
		};
/* End PBXNativeTarget section */

/* Begin PBXProject section */
		1C7E0DB82CC3CFA5003A1CC4 /* Project object */ = {
			isa = PBXProject;
			attributes = {
				BuildIndependentTargetsInParallel = 1;
				LastSwiftUpdateCheck = 1600;
				LastUpgradeCheck = 1600;
				TargetAttributes = {
					1C7E0DBF2CC3CFA5003A1CC4 = {
						CreatedOnToolsVersion = 16.0;
					};
					1C7E0DCF2CC3CFA7003A1CC4 = {
						CreatedOnToolsVersion = 16.0;
						TestTargetID = 1C7E0DBF2CC3CFA5003A1CC4;
					};
					1C7E0DD92CC3CFA7003A1CC4 = {
						CreatedOnToolsVersion = 16.0;
						TestTargetID = 1C7E0DBF2CC3CFA5003A1CC4;
					};
				};
			};
			buildConfigurationList = 1C7E0DBB2CC3CFA5003A1CC4 /* Build configuration list for PBXProject "PtPPrototype" */;
			developmentRegion = en;
			hasScannedForEncodings = 0;
			knownRegions = (
				en,
				Base,
			);
			mainGroup = 1C7E0DB72CC3CFA5003A1CC4;
			minimizedProjectReferenceProxies = 1;
			packageReferences = (
				1CC5B20D2CEBCAC40079E430 /* XCRemoteSwiftPackageReference "swift-log" */,
			);
			preferredProjectObjectVersion = 77;
			productRefGroup = 1C7E0DC12CC3CFA5003A1CC4 /* Products */;
			projectDirPath = "";
			projectRoot = "";
			targets = (
				1C7E0DBF2CC3CFA5003A1CC4 /* PtPPrototype */,
				1C7E0DCF2CC3CFA7003A1CC4 /* PtPPrototypeTests */,
				1C7E0DD92CC3CFA7003A1CC4 /* PtPPrototypeUITests */,
			);
		};
/* End PBXProject section */

/* Begin PBXResourcesBuildPhase section */
		1C7E0DBE2CC3CFA5003A1CC4 /* Resources */ = {
			isa = PBXResourcesBuildPhase;
			buildActionMask = 2147483647;
			files = (
			);
			runOnlyForDeploymentPostprocessing = 0;
		};
		1C7E0DCE2CC3CFA7003A1CC4 /* Resources */ = {
			isa = PBXResourcesBuildPhase;
			buildActionMask = 2147483647;
			files = (
			);
			runOnlyForDeploymentPostprocessing = 0;
		};
		1C7E0DD82CC3CFA7003A1CC4 /* Resources */ = {
			isa = PBXResourcesBuildPhase;
			buildActionMask = 2147483647;
			files = (
			);
			runOnlyForDeploymentPostprocessing = 0;
		};
/* End PBXResourcesBuildPhase section */

/* Begin PBXSourcesBuildPhase section */
		1C7E0DBC2CC3CFA5003A1CC4 /* Sources */ = {
			isa = PBXSourcesBuildPhase;
			buildActionMask = 2147483647;
			files = (
			);
			runOnlyForDeploymentPostprocessing = 0;
		};
		1C7E0DCC2CC3CFA7003A1CC4 /* Sources */ = {
			isa = PBXSourcesBuildPhase;
			buildActionMask = 2147483647;
			files = (
			);
			runOnlyForDeploymentPostprocessing = 0;
		};
		1C7E0DD62CC3CFA7003A1CC4 /* Sources */ = {
			isa = PBXSourcesBuildPhase;
			buildActionMask = 2147483647;
			files = (
			);
			runOnlyForDeploymentPostprocessing = 0;
		};
/* End PBXSourcesBuildPhase section */

/* Begin PBXTargetDependency section */
		1C7E0DD22CC3CFA7003A1CC4 /* PBXTargetDependency */ = {
			isa = PBXTargetDependency;
			target = 1C7E0DBF2CC3CFA5003A1CC4 /* PtPPrototype */;
			targetProxy = 1C7E0DD12CC3CFA7003A1CC4 /* PBXContainerItemProxy */;
		};
		1C7E0DDC2CC3CFA7003A1CC4 /* PBXTargetDependency */ = {
			isa = PBXTargetDependency;
			target = 1C7E0DBF2CC3CFA5003A1CC4 /* PtPPrototype */;
			targetProxy = 1C7E0DDB2CC3CFA7003A1CC4 /* PBXContainerItemProxy */;
		};
/* End PBXTargetDependency section */

/* Begin XCBuildConfiguration section */
		1C7E0DE22CC3CFA7003A1CC4 /* Debug */ = {
			isa = XCBuildConfiguration;
			buildSettings = {
				ALWAYS_SEARCH_USER_PATHS = NO;
				ASSETCATALOG_COMPILER_GENERATE_SWIFT_ASSET_SYMBOL_EXTENSIONS = YES;
				CLANG_ANALYZER_NONNULL = YES;
				CLANG_ANALYZER_NUMBER_OBJECT_CONVERSION = YES_AGGRESSIVE;
				CLANG_CXX_LANGUAGE_STANDARD = "gnu++20";
				CLANG_ENABLE_MODULES = YES;
				CLANG_ENABLE_OBJC_ARC = YES;
				CLANG_ENABLE_OBJC_WEAK = YES;
				CLANG_WARN_BLOCK_CAPTURE_AUTORELEASING = YES;
				CLANG_WARN_BOOL_CONVERSION = YES;
				CLANG_WARN_COMMA = YES;
				CLANG_WARN_CONSTANT_CONVERSION = YES;
				CLANG_WARN_DEPRECATED_OBJC_IMPLEMENTATIONS = YES;
				CLANG_WARN_DIRECT_OBJC_ISA_USAGE = YES_ERROR;
				CLANG_WARN_DOCUMENTATION_COMMENTS = YES;
				CLANG_WARN_EMPTY_BODY = YES;
				CLANG_WARN_ENUM_CONVERSION = YES;
				CLANG_WARN_INFINITE_RECURSION = YES;
				CLANG_WARN_INT_CONVERSION = YES;
				CLANG_WARN_NON_LITERAL_NULL_CONVERSION = YES;
				CLANG_WARN_OBJC_IMPLICIT_RETAIN_SELF = YES;
				CLANG_WARN_OBJC_LITERAL_CONVERSION = YES;
				CLANG_WARN_OBJC_ROOT_CLASS = YES_ERROR;
				CLANG_WARN_QUOTED_INCLUDE_IN_FRAMEWORK_HEADER = YES;
				CLANG_WARN_RANGE_LOOP_ANALYSIS = YES;
				CLANG_WARN_STRICT_PROTOTYPES = YES;
				CLANG_WARN_SUSPICIOUS_MOVE = YES;
				CLANG_WARN_UNGUARDED_AVAILABILITY = YES_AGGRESSIVE;
				CLANG_WARN_UNREACHABLE_CODE = YES;
				CLANG_WARN__DUPLICATE_METHOD_MATCH = YES;
				COPY_PHASE_STRIP = NO;
				DEBUG_INFORMATION_FORMAT = dwarf;
				ENABLE_STRICT_OBJC_MSGSEND = YES;
				ENABLE_TESTABILITY = YES;
				ENABLE_USER_SCRIPT_SANDBOXING = YES;
				GCC_C_LANGUAGE_STANDARD = gnu17;
				GCC_DYNAMIC_NO_PIC = NO;
				GCC_NO_COMMON_BLOCKS = YES;
				GCC_OPTIMIZATION_LEVEL = 0;
				GCC_PREPROCESSOR_DEFINITIONS = (
					"DEBUG=1",
					"$(inherited)",
				);
				GCC_WARN_64_TO_32_BIT_CONVERSION = YES;
				GCC_WARN_ABOUT_RETURN_TYPE = YES_ERROR;
				GCC_WARN_UNDECLARED_SELECTOR = YES;
				GCC_WARN_UNINITIALIZED_AUTOS = YES_AGGRESSIVE;
				GCC_WARN_UNUSED_FUNCTION = YES;
				GCC_WARN_UNUSED_VARIABLE = YES;
				IPHONEOS_DEPLOYMENT_TARGET = 18.0;
				LOCALIZATION_PREFERS_STRING_CATALOGS = YES;
				MTL_ENABLE_DEBUG_INFO = INCLUDE_SOURCE;
				MTL_FAST_MATH = YES;
				ONLY_ACTIVE_ARCH = YES;
				SDKROOT = iphoneos;
				SWIFT_ACTIVE_COMPILATION_CONDITIONS = "DEBUG $(inherited)";
				SWIFT_OPTIMIZATION_LEVEL = "-Onone";
				SWIFT_STRICT_CONCURRENCY = minimal;
			};
			name = Debug;
		};
		1C7E0DE32CC3CFA7003A1CC4 /* Release */ = {
			isa = XCBuildConfiguration;
			buildSettings = {
				ALWAYS_SEARCH_USER_PATHS = NO;
				ASSETCATALOG_COMPILER_GENERATE_SWIFT_ASSET_SYMBOL_EXTENSIONS = YES;
				CLANG_ANALYZER_NONNULL = YES;
				CLANG_ANALYZER_NUMBER_OBJECT_CONVERSION = YES_AGGRESSIVE;
				CLANG_CXX_LANGUAGE_STANDARD = "gnu++20";
				CLANG_ENABLE_MODULES = YES;
				CLANG_ENABLE_OBJC_ARC = YES;
				CLANG_ENABLE_OBJC_WEAK = YES;
				CLANG_WARN_BLOCK_CAPTURE_AUTORELEASING = YES;
				CLANG_WARN_BOOL_CONVERSION = YES;
				CLANG_WARN_COMMA = YES;
				CLANG_WARN_CONSTANT_CONVERSION = YES;
				CLANG_WARN_DEPRECATED_OBJC_IMPLEMENTATIONS = YES;
				CLANG_WARN_DIRECT_OBJC_ISA_USAGE = YES_ERROR;
				CLANG_WARN_DOCUMENTATION_COMMENTS = YES;
				CLANG_WARN_EMPTY_BODY = YES;
				CLANG_WARN_ENUM_CONVERSION = YES;
				CLANG_WARN_INFINITE_RECURSION = YES;
				CLANG_WARN_INT_CONVERSION = YES;
				CLANG_WARN_NON_LITERAL_NULL_CONVERSION = YES;
				CLANG_WARN_OBJC_IMPLICIT_RETAIN_SELF = YES;
				CLANG_WARN_OBJC_LITERAL_CONVERSION = YES;
				CLANG_WARN_OBJC_ROOT_CLASS = YES_ERROR;
				CLANG_WARN_QUOTED_INCLUDE_IN_FRAMEWORK_HEADER = YES;
				CLANG_WARN_RANGE_LOOP_ANALYSIS = YES;
				CLANG_WARN_STRICT_PROTOTYPES = YES;
				CLANG_WARN_SUSPICIOUS_MOVE = YES;
				CLANG_WARN_UNGUARDED_AVAILABILITY = YES_AGGRESSIVE;
				CLANG_WARN_UNREACHABLE_CODE = YES;
				CLANG_WARN__DUPLICATE_METHOD_MATCH = YES;
				COPY_PHASE_STRIP = NO;
				DEBUG_INFORMATION_FORMAT = "dwarf-with-dsym";
				ENABLE_NS_ASSERTIONS = NO;
				ENABLE_STRICT_OBJC_MSGSEND = YES;
				ENABLE_USER_SCRIPT_SANDBOXING = YES;
				GCC_C_LANGUAGE_STANDARD = gnu17;
				GCC_NO_COMMON_BLOCKS = YES;
				GCC_WARN_64_TO_32_BIT_CONVERSION = YES;
				GCC_WARN_ABOUT_RETURN_TYPE = YES_ERROR;
				GCC_WARN_UNDECLARED_SELECTOR = YES;
				GCC_WARN_UNINITIALIZED_AUTOS = YES_AGGRESSIVE;
				GCC_WARN_UNUSED_FUNCTION = YES;
				GCC_WARN_UNUSED_VARIABLE = YES;
				IPHONEOS_DEPLOYMENT_TARGET = 18.0;
				LOCALIZATION_PREFERS_STRING_CATALOGS = YES;
				MTL_ENABLE_DEBUG_INFO = NO;
				MTL_FAST_MATH = YES;
				SDKROOT = iphoneos;
				SWIFT_COMPILATION_MODE = wholemodule;
				SWIFT_STRICT_CONCURRENCY = minimal;
				VALIDATE_PRODUCT = YES;
			};
			name = Release;
		};
		1C7E0DE52CC3CFA7003A1CC4 /* Debug */ = {
			isa = XCBuildConfiguration;
			buildSettings = {
				ASSETCATALOG_COMPILER_APPICON_NAME = AppIcon;
				ASSETCATALOG_COMPILER_GLOBAL_ACCENT_COLOR_NAME = AccentColor;
				CODE_SIGN_STYLE = Automatic;
				CURRENT_PROJECT_VERSION = 2;
				DEVELOPMENT_ASSET_PATHS = "\"PtPPrototype/Preview Content\"";
				DEVELOPMENT_TEAM = 55N7SLFSBT;
				ENABLE_PREVIEWS = YES;
				GENERATE_INFOPLIST_FILE = YES;
				INFOPLIST_FILE = PtPPrototype/Info.plist;
				INFOPLIST_KEY_NSLocalNetworkUsageDescription = "This app wants to send messages to nodes in your local network.";
				INFOPLIST_KEY_UIApplicationSceneManifest_Generation = YES;
				INFOPLIST_KEY_UIApplicationSupportsIndirectInputEvents = YES;
				INFOPLIST_KEY_UILaunchScreen_Generation = YES;
				INFOPLIST_KEY_UISupportedInterfaceOrientations_iPad = "UIInterfaceOrientationPortrait UIInterfaceOrientationPortraitUpsideDown UIInterfaceOrientationLandscapeLeft UIInterfaceOrientationLandscapeRight";
				INFOPLIST_KEY_UISupportedInterfaceOrientations_iPhone = "UIInterfaceOrientationPortrait UIInterfaceOrientationLandscapeLeft UIInterfaceOrientationLandscapeRight";
				IPHONEOS_DEPLOYMENT_TARGET = 18.0;
				LD_RUNPATH_SEARCH_PATHS = (
					"$(inherited)",
					"@executable_path/Frameworks",
				);
				MARKETING_VERSION = 1.0;
				PRODUCT_BUNDLE_IDENTIFIER = "com.gmail-02bartholomaeus.m.PtPPrototype";
				PRODUCT_NAME = "$(TARGET_NAME)";
				SWIFT_EMIT_LOC_STRINGS = YES;
				SWIFT_VERSION = 5.0;
				TARGETED_DEVICE_FAMILY = "1,2";
			};
			name = Debug;
		};
		1C7E0DE62CC3CFA7003A1CC4 /* Release */ = {
			isa = XCBuildConfiguration;
			buildSettings = {
				ASSETCATALOG_COMPILER_APPICON_NAME = AppIcon;
				ASSETCATALOG_COMPILER_GLOBAL_ACCENT_COLOR_NAME = AccentColor;
				CODE_SIGN_STYLE = Automatic;
				CURRENT_PROJECT_VERSION = 2;
				DEVELOPMENT_ASSET_PATHS = "\"PtPPrototype/Preview Content\"";
				DEVELOPMENT_TEAM = 55N7SLFSBT;
				ENABLE_PREVIEWS = YES;
				GENERATE_INFOPLIST_FILE = YES;
				INFOPLIST_FILE = PtPPrototype/Info.plist;
				INFOPLIST_KEY_NSLocalNetworkUsageDescription = "This app wants to send messages to nodes in your local network.";
				INFOPLIST_KEY_UIApplicationSceneManifest_Generation = YES;
				INFOPLIST_KEY_UIApplicationSupportsIndirectInputEvents = YES;
				INFOPLIST_KEY_UILaunchScreen_Generation = YES;
				INFOPLIST_KEY_UISupportedInterfaceOrientations_iPad = "UIInterfaceOrientationPortrait UIInterfaceOrientationPortraitUpsideDown UIInterfaceOrientationLandscapeLeft UIInterfaceOrientationLandscapeRight";
				INFOPLIST_KEY_UISupportedInterfaceOrientations_iPhone = "UIInterfaceOrientationPortrait UIInterfaceOrientationLandscapeLeft UIInterfaceOrientationLandscapeRight";
				IPHONEOS_DEPLOYMENT_TARGET = 18.0;
				LD_RUNPATH_SEARCH_PATHS = (
					"$(inherited)",
					"@executable_path/Frameworks",
				);
				MARKETING_VERSION = 1.0;
				PRODUCT_BUNDLE_IDENTIFIER = "com.gmail-02bartholomaeus.m.PtPPrototype";
				PRODUCT_NAME = "$(TARGET_NAME)";
				SWIFT_EMIT_LOC_STRINGS = YES;
				SWIFT_VERSION = 5.0;
				TARGETED_DEVICE_FAMILY = "1,2";
			};
			name = Release;
		};
		1C7E0DE82CC3CFA7003A1CC4 /* Debug */ = {
			isa = XCBuildConfiguration;
			buildSettings = {
				BUNDLE_LOADER = "$(TEST_HOST)";
				CODE_SIGN_STYLE = Automatic;
				CURRENT_PROJECT_VERSION = 1;
				DEVELOPMENT_TEAM = 55N7SLFSBT;
				GENERATE_INFOPLIST_FILE = YES;
				IPHONEOS_DEPLOYMENT_TARGET = 18.0;
				MARKETING_VERSION = 1.0;
				PRODUCT_BUNDLE_IDENTIFIER = "com.gmail-02bartholomaeus.m.PtPPrototypeTests";
				PRODUCT_NAME = "$(TARGET_NAME)";
				SWIFT_EMIT_LOC_STRINGS = NO;
				SWIFT_VERSION = 5.0;
				TARGETED_DEVICE_FAMILY = "1,2";
				TEST_HOST = "$(BUILT_PRODUCTS_DIR)/PtPPrototype.app/$(BUNDLE_EXECUTABLE_FOLDER_PATH)/PtPPrototype";
			};
			name = Debug;
		};
		1C7E0DE92CC3CFA7003A1CC4 /* Release */ = {
			isa = XCBuildConfiguration;
			buildSettings = {
				BUNDLE_LOADER = "$(TEST_HOST)";
				CODE_SIGN_STYLE = Automatic;
				CURRENT_PROJECT_VERSION = 1;
				DEVELOPMENT_TEAM = 55N7SLFSBT;
				GENERATE_INFOPLIST_FILE = YES;
				IPHONEOS_DEPLOYMENT_TARGET = 18.0;
				MARKETING_VERSION = 1.0;
				PRODUCT_BUNDLE_IDENTIFIER = "com.gmail-02bartholomaeus.m.PtPPrototypeTests";
				PRODUCT_NAME = "$(TARGET_NAME)";
				SWIFT_EMIT_LOC_STRINGS = NO;
				SWIFT_VERSION = 5.0;
				TARGETED_DEVICE_FAMILY = "1,2";
				TEST_HOST = "$(BUILT_PRODUCTS_DIR)/PtPPrototype.app/$(BUNDLE_EXECUTABLE_FOLDER_PATH)/PtPPrototype";
			};
			name = Release;
		};
		1C7E0DEB2CC3CFA7003A1CC4 /* Debug */ = {
			isa = XCBuildConfiguration;
			buildSettings = {
				CODE_SIGN_STYLE = Automatic;
				CURRENT_PROJECT_VERSION = 1;
				DEVELOPMENT_TEAM = 55N7SLFSBT;
				GENERATE_INFOPLIST_FILE = YES;
				MARKETING_VERSION = 1.0;
				PRODUCT_BUNDLE_IDENTIFIER = "com.gmail-02bartholomaeus.m.PtPPrototypeUITests";
				PRODUCT_NAME = "$(TARGET_NAME)";
				SWIFT_EMIT_LOC_STRINGS = NO;
				SWIFT_VERSION = 5.0;
				TARGETED_DEVICE_FAMILY = "1,2";
				TEST_TARGET_NAME = PtPPrototype;
			};
			name = Debug;
		};
		1C7E0DEC2CC3CFA7003A1CC4 /* Release */ = {
			isa = XCBuildConfiguration;
			buildSettings = {
				CODE_SIGN_STYLE = Automatic;
				CURRENT_PROJECT_VERSION = 1;
				DEVELOPMENT_TEAM = 55N7SLFSBT;
				GENERATE_INFOPLIST_FILE = YES;
				MARKETING_VERSION = 1.0;
				PRODUCT_BUNDLE_IDENTIFIER = "com.gmail-02bartholomaeus.m.PtPPrototypeUITests";
				PRODUCT_NAME = "$(TARGET_NAME)";
				SWIFT_EMIT_LOC_STRINGS = NO;
				SWIFT_VERSION = 5.0;
				TARGETED_DEVICE_FAMILY = "1,2";
				TEST_TARGET_NAME = PtPPrototype;
			};
			name = Release;
		};
/* End XCBuildConfiguration section */

/* Begin XCConfigurationList section */
		1C7E0DBB2CC3CFA5003A1CC4 /* Build configuration list for PBXProject "PtPPrototype" */ = {
			isa = XCConfigurationList;
			buildConfigurations = (
				1C7E0DE22CC3CFA7003A1CC4 /* Debug */,
				1C7E0DE32CC3CFA7003A1CC4 /* Release */,
			);
			defaultConfigurationIsVisible = 0;
			defaultConfigurationName = Release;
		};
		1C7E0DE42CC3CFA7003A1CC4 /* Build configuration list for PBXNativeTarget "PtPPrototype" */ = {
			isa = XCConfigurationList;
			buildConfigurations = (
				1C7E0DE52CC3CFA7003A1CC4 /* Debug */,
				1C7E0DE62CC3CFA7003A1CC4 /* Release */,
			);
			defaultConfigurationIsVisible = 0;
			defaultConfigurationName = Release;
		};
		1C7E0DE72CC3CFA7003A1CC4 /* Build configuration list for PBXNativeTarget "PtPPrototypeTests" */ = {
			isa = XCConfigurationList;
			buildConfigurations = (
				1C7E0DE82CC3CFA7003A1CC4 /* Debug */,
				1C7E0DE92CC3CFA7003A1CC4 /* Release */,
			);
			defaultConfigurationIsVisible = 0;
			defaultConfigurationName = Release;
		};
		1C7E0DEA2CC3CFA7003A1CC4 /* Build configuration list for PBXNativeTarget "PtPPrototypeUITests" */ = {
			isa = XCConfigurationList;
			buildConfigurations = (
				1C7E0DEB2CC3CFA7003A1CC4 /* Debug */,
				1C7E0DEC2CC3CFA7003A1CC4 /* Release */,
			);
			defaultConfigurationIsVisible = 0;
			defaultConfigurationName = Release;
		};
/* End XCConfigurationList section */

/* Begin XCRemoteSwiftPackageReference section */
		1CC5B20D2CEBCAC40079E430 /* XCRemoteSwiftPackageReference "swift-log" */ = {
			isa = XCRemoteSwiftPackageReference;
			repositoryURL = "git@github.com:apple/swift-log.git";
			requirement = {
				kind = upToNextMajorVersion;
				minimumVersion = 1.6.1;
			};
		};
/* End XCRemoteSwiftPackageReference section */

/* Begin XCSwiftPackageProductDependency section */
		1CC5B20E2CEBCAC40079E430 /* Logging */ = {
			isa = XCSwiftPackageProductDependency;
			package = 1CC5B20D2CEBCAC40079E430 /* XCRemoteSwiftPackageReference "swift-log" */;
			productName = Logging;
		};
/* End XCSwiftPackageProductDependency section */
	};
	rootObject = 1C7E0DB82CC3CFA5003A1CC4 /* Project object */;
}
